
Microsoft Visual Studio Solution File, Format Version 12.00
# Visual Studio Version 17
VisualStudioVersion = 17.3.32721.290
MinimumVisualStudioVersion = 10.0.40219.1
Project("{2150E333-8FDC-42A3-9474-1A3956D46DE8}") = "Solution Items", "Solution Items", "{48CF9495-A37B-4AEC-8DF1-2573FC848027}"
	ProjectSection(SolutionItems) = preProject
		LICENCE.md = LICENCE.md
		pack.bat = pack.bat
		README.md = README.md
	EndProjectSection
EndProject
Project("{FAE04EC0-301F-11D3-BF4B-00C04F79EFBC}") = "ApacheTech.Common.DependencyInjection", "src\ApacheTech.Common.DependencyInjection\ApacheTech.Common.DependencyInjection.csproj", "{1D61A61F-5C5C-2DBC-5BA5-93676E4ACE58}"
EndProject
Project("{FAE04EC0-301F-11D3-BF4B-00C04F79EFBC}") = "ApacheTech.Common.DependencyInjection.Abstractions", "src\ApacheTech.Common.DependencyInjection.Abstractions\ApacheTech.Common.DependencyInjection.Abstractions.csproj", "{94F41B57-D760-5691-1F07-24ED914E540D}"
EndProject
Global
	GlobalSection(SolutionConfigurationPlatforms) = preSolution
		Debug|Any CPU = Debug|Any CPU
		Release|Any CPU = Release|Any CPU
	EndGlobalSection
	GlobalSection(ProjectConfigurationPlatforms) = postSolution
		{1D61A61F-5C5C-2DBC-5BA5-93676E4ACE58}.Debug|Any CPU.ActiveCfg = Debug|Any CPU
		{1D61A61F-5C5C-2DBC-5BA5-93676E4ACE58}.Debug|Any CPU.Build.0 = Debug|Any CPU
		{1D61A61F-5C5C-2DBC-5BA5-93676E4ACE58}.Release|Any CPU.ActiveCfg = Release|Any CPU
		{1D61A61F-5C5C-2DBC-5BA5-93676E4ACE58}.Release|Any CPU.Build.0 = Release|Any CPU
		{94F41B57-D760-5691-1F07-24ED914E540D}.Debug|Any CPU.ActiveCfg = Debug|Any CPU
		{94F41B57-D760-5691-1F07-24ED914E540D}.Debug|Any CPU.Build.0 = Debug|Any CPU
		{94F41B57-D760-5691-1F07-24ED914E540D}.Release|Any CPU.ActiveCfg = Release|Any CPU
		{94F41B57-D760-5691-1F07-24ED914E540D}.Release|Any CPU.Build.0 = Release|Any CPU
	EndGlobalSection
	GlobalSection(SolutionProperties) = preSolution
		HideSolutionNode = FALSE
	EndGlobalSection
	GlobalSection(ExtensibilityGlobals) = postSolution
		SolutionGuid = {B65743EB-7EEA-4B68-BCBF-E6C8B0D24DBE}
	EndGlobalSection
EndGlobal
